
Microsoft Visual Studio Solution File, Format Version 10.00
# Visual Studio 2008
Project("{FAE04EC0-301F-11D3-BF4B-00C04F79EFBC}") = "DbLinq", "DbLinq.csproj", "{7950197D-4122-49CB-9FD7-45E666BAFEC2}"
EndProject
Global
	GlobalSection(SolutionConfigurationPlatforms) = preSolution
		Debug - Mono Strict|Any CPU = Debug - Mono Strict|Any CPU
		Debug|Any CPU = Debug|Any CPU
		Release|Any CPU = Release|Any CPU
	EndGlobalSection
	GlobalSection(ProjectConfigurationPlatforms) = postSolution
		{7950197D-4122-49CB-9FD7-45E666BAFEC2}.Debug - Mono Strict|Any CPU.ActiveCfg = Debug - Mono Strict|Any CPU
		{7950197D-4122-49CB-9FD7-45E666BAFEC2}.Debug - Mono Strict|Any CPU.Build.0 = Debug - Mono Strict|Any CPU
		{7950197D-4122-49CB-9FD7-45E666BAFEC2}.Debug|Any CPU.ActiveCfg = Debug|Any CPU
		{7950197D-4122-49CB-9FD7-45E666BAFEC2}.Debug|Any CPU.Build.0 = Debug|Any CPU
		{7950197D-4122-49CB-9FD7-45E666BAFEC2}.Release|Any CPU.ActiveCfg = Release|Any CPU
		{7950197D-4122-49CB-9FD7-45E666BAFEC2}.Release|Any CPU.Build.0 = Release|Any CPU
	EndGlobalSection
	GlobalSection(SolutionProperties) = preSolution
		HideSolutionNode = FALSE
	EndGlobalSection
EndGlobal
